Microsoft Visual Studio Solution File, Format Version 12.00
# Visual Studio Version 17
VisualStudioVersion = 17.5.2.0
MinimumVisualStudioVersion = 10.0.40219.1
Project("{FAE04EC0-301F-11D3-BF4B-00C04F79EFBC}") = "ServerDemo", "ServerDemo\ServerDemo.csproj", "{F050186A-5AEF-76E4-3609-591BA61AE71A}"
EndProject
Project("{FAE04EC0-301F-11D3-BF4B-00C04F79EFBC}") = "BlockingServerDemo", "BlockingServerDemo\BlockingServerDemo.csproj", "{A688F5A9-541A-7922-610D-8A4890F1CA83}"
EndProject
Project("{FAE04EC0-301F-11D3-BF4B-00C04F79EFBC}") = "ChatServerDemo", "ChatServerDemo\ChatServerDemo.csproj", "{0EED8CFF-ACC7-66AF-1404-093F3B4A3C58}"
EndProject
Project("{FAE04EC0-301F-11D3-BF4B-00C04F79EFBC}") = "ClientDemo", "ClientDemo\ClientDemo.csproj", "{CD18095A-4C52-72AE-D37C-F12C08804669}"
EndProject
Global
	GlobalSection(SolutionConfigurationPlatforms) = preSolution
		Debug|Any CPU = Debug|Any CPU
		Release|Any CPU = Release|Any CPU
	EndGlobalSection
	GlobalSection(ProjectConfigurationPlatforms) = postSolution
		{F050186A-5AEF-76E4-3609-591BA61AE71A}.Debug|Any CPU.ActiveCfg = Debug|Any CPU
		{F050186A-5AEF-76E4-3609-591BA61AE71A}.Debug|Any CPU.Build.0 = Debug|Any CPU
		{F050186A-5AEF-76E4-3609-591BA61AE71A}.Release|Any CPU.ActiveCfg = Release|Any CPU
		{F050186A-5AEF-76E4-3609-591BA61AE71A}.Release|Any CPU.Build.0 = Release|Any CPU
		{A688F5A9-541A-7922-610D-8A4890F1CA83}.Debug|Any CPU.ActiveCfg = Debug|Any CPU
		{A688F5A9-541A-7922-610D-8A4890F1CA83}.Debug|Any CPU.Build.0 = Debug|Any CPU
		{A688F5A9-541A-7922-610D-8A4890F1CA83}.Release|Any CPU.ActiveCfg = Release|Any CPU
		{A688F5A9-541A-7922-610D-8A4890F1CA83}.Release|Any CPU.Build.0 = Release|Any CPU
		{0EED8CFF-ACC7-66AF-1404-093F3B4A3C58}.Debug|Any CPU.ActiveCfg = Debug|Any CPU
		{0EED8CFF-ACC7-66AF-1404-093F3B4A3C58}.Debug|Any CPU.Build.0 = Debug|Any CPU
		{0EED8CFF-ACC7-66AF-1404-093F3B4A3C58}.Release|Any CPU.ActiveCfg = Release|Any CPU
		{0EED8CFF-ACC7-66AF-1404-093F3B4A3C58}.Release|Any CPU.Build.0 = Release|Any CPU
		{CD18095A-4C52-72AE-D37C-F12C08804669}.Debug|Any CPU.ActiveCfg = Debug|Any CPU
		{CD18095A-4C52-72AE-D37C-F12C08804669}.Debug|Any CPU.Build.0 = Debug|Any CPU
		{CD18095A-4C52-72AE-D37C-F12C08804669}.Release|Any CPU.ActiveCfg = Release|Any CPU
		{CD18095A-4C52-72AE-D37C-F12C08804669}.Release|Any CPU.Build.0 = Release|Any CPU
	EndGlobalSection
	GlobalSection(SolutionProperties) = preSolution
		HideSolutionNode = FALSE
	EndGlobalSection
	GlobalSection(ExtensibilityGlobals) = postSolution
		SolutionGuid = {39651805-EDD2-429D-8846-03C7C730B395}
	EndGlobalSection
EndGlobal
